{
  "version": 4,
  "terraform_version": "1.4.6",
  "serial": 376,
  "lineage": "fb27a64c-5bd8-1902-fad8-f6fc08ce66aa",
  "outputs": {},
  "resources": [
    {
      "mode": "data",
      "type": "archive_file",
      "name": "start_scheduler",
      "provider": "provider[\"registry.terraform.io/hashicorp/archive\"]",
      "instances": [
        {
          "schema_version": 0,
          "attributes": {
            "exclude_symlink_directories": null,
            "excludes": null,
            "id": "1ac5f6fe4b19a4f0ec6a99c54a0ab4fa0f609b85",
            "output_base64sha256": "+L7pzI57GUMA7Ch1CPOBqptfmk8kqswHLK4JpzMIYmw=",
            "output_base64sha512": "/rj0897RwXiXsox71Xcwn76fIHQo2G/g9qyATQVaJKwB3PY2i5CiLZYKJ8pMRhRlQYD4Wkzn4FC89PIzUmu8CA==",
            "output_file_mode": null,
            "output_md5": "05f75326cfa43d274ef2666232a3f9ea",
            "output_path": "start_instances.zip",
            "output_sha": "1ac5f6fe4b19a4f0ec6a99c54a0ab4fa0f609b85",
            "output_sha256": "f8bee9cc8e7b194300ec287508f381aa9b5f9a4f24aacc072cae09a73308626c",
            "output_sha512": "feb8f4f3ded1c17897b28c7bd577309fbe9f207428d86fe0f6ac804d055a24ac01dcf6368b90a22d960a27ca4c4614654180f85a4ce7e050bcf4f233526bbc08",
            "output_size": 492,
            "source": [],
            "source_content": null,
            "source_content_filename": null,
            "source_dir": null,
            "source_file": "start_instances.py",
            "type": "zip"
          },
          "sensitive_attributes": []
        }
      ]
    },
    {
      "mode": "data",
      "type": "archive_file",
      "name": "stop_scheduler",
      "provider": "provider[\"registry.terraform.io/hashicorp/archive\"]",
      "instances": [
        {
          "schema_version": 0,
          "attributes": {
            "exclude_symlink_directories": null,
            "excludes": null,
            "id": "d63fd231c368706f0d561430e7e467a701777e9d",
            "output_base64sha256": "zvbo3EipLHyYsS30/ciqywa3Gt+uIJzKSwjOTMPzxZo=",
            "output_base64sha512": "rfnJgQGHzheOL+3M3XvplGS69MF9+f6Yhh7q+AFGibZEYNdQkHSWZ5l7V0isC7AkEvFWMGtyZEX3EDJ6vgGQXw==",
            "output_file_mode": null,
            "output_md5": "e80ad8a4171dcafe6bb553a14d28ef80",
            "output_path": "stop_instances.zip",
            "output_sha": "d63fd231c368706f0d561430e7e467a701777e9d",
            "output_sha256": "cef6e8dc48a92c7c98b12df4fdc8aacb06b71adfae209cca4b08ce4cc3f3c59a",
            "output_sha512": "adf9c9810187ce178e2fedccdd7be99464baf4c17df9fe98861eeaf8014689b64460d75090749667997b5748ac0bb02412f156306b726445f710327abe01905f",
            "output_size": 492,
            "source": [],
            "source_content": null,
            "source_content_filename": null,
            "source_dir": null,
            "source_file": "stop_instances.py",
            "type": "zip"
          },
          "sensitive_attributes": []
        }
      ]
    },
    {
      "mode": "data",
      "type": "aws_iam_policy_document",
      "name": "ec2_start_stop_scheduler",
      "provider": "provider[\"registry.terraform.io/hashicorp/aws\"]",
      "instances": [
        {
          "schema_version": 0,
          "attributes": {
            "id": "335098418",
            "json": "{\n  \"Version\": \"2012-10-17\",\n  \"Statement\": [\n    {\n      \"Effect\": \"Allow\",\n      \"Action\": [\n        \"logs:PutLogEvents\",\n        \"logs:CreateLogStream\",\n        \"logs:CreateLogGroup\",\n        \"ec2:StopInstances\",\n        \"ec2:StartInstances\",\n        \"ec2:DescribeTags\",\n        \"ec2:DescribeSnapshots\",\n        \"ec2:DescribeInstances\",\n        \"ec2:DescribeImages\"\n      ],\n      \"Resource\": \"*\"\n    }\n  ]\n}",
            "override_policy_documents": null,
            "policy_id": null,
            "source_policy_documents": null,
            "statement": [
              {
                "actions": [
                  "ec2:DescribeImages",
                  "ec2:DescribeInstances",
                  "ec2:DescribeSnapshots",
                  "ec2:DescribeTags",
                  "ec2:StartInstances",
                  "ec2:StopInstances",
                  "logs:CreateLogGroup",
                  "logs:CreateLogStream",
                  "logs:PutLogEvents"
                ],
                "condition": [],
                "effect": "Allow",
                "not_actions": [],
                "not_principals": [],
                "not_resources": [],
                "principals": [],
                "resources": [
                  "*"
                ],
                "sid": ""
              }
            ],
            "version": "2012-10-17"
          },
          "sensitive_attributes": []
        }
      ]
    },
    {
      "mode": "managed",
      "type": "aws_cloudwatch_event_rule",
      "name": "start_instances_event_rule",
      "provider": "provider[\"registry.terraform.io/hashicorp/aws\"]",
      "instances": [
        {
          "schema_version": 0,
          "attributes": {
            "arn": "arn:aws:events:eu-central-1:787766023079:rule/start_instances_event_rule",
            "description": "Starts stopped EC2 instances",
            "event_bus_name": "default",
            "event_pattern": null,
            "id": "start_instances_event_rule",
            "is_enabled": true,
            "name": "start_instances_event_rule",
            "name_prefix": "",
            "role_arn": "",
            "schedule_expression": "cron(0 7 ? * MON *)",
            "tags": {},
            "tags_all": {}
          },
          "sensitive_attributes": [],
          "private": "bnVsbA==",
          "dependencies": [
            "aws_iam_role.ec2_start_stop_scheduler",
            "aws_lambda_function.ec2_start_scheduler_lambda",
            "data.archive_file.start_scheduler"
          ]
        }
      ]
    },
    {
      "mode": "managed",
      "type": "aws_cloudwatch_event_rule",
      "name": "stop_instances_event_rule",
      "provider": "provider[\"registry.terraform.io/hashicorp/aws\"]",
      "instances": [
        {
          "schema_version": 0,
          "attributes": {
            "arn": "arn:aws:events:eu-central-1:787766023079:rule/stop_instances_event_rule",
            "description": "Stops running EC2 instances",
            "event_bus_name": "default",
            "event_pattern": null,
            "id": "stop_instances_event_rule",
            "is_enabled": true,
            "name": "stop_instances_event_rule",
            "name_prefix": "",
            "role_arn": "",
            "schedule_expression": "cron(0 19 ? * MON *)",
            "tags": {},
            "tags_all": {}
          },
          "sensitive_attributes": [],
          "private": "bnVsbA==",
          "dependencies": [
            "aws_iam_role.ec2_start_stop_scheduler",
            "aws_lambda_function.ec2_stop_scheduler_lambda",
            "data.archive_file.stop_scheduler"
          ]
        }
      ]
    },
    {
      "mode": "managed",
      "type": "aws_cloudwatch_event_target",
      "name": "start_instances_event_target",
      "provider": "provider[\"registry.terraform.io/hashicorp/aws\"]",
      "instances": [
        {
          "schema_version": 1,
          "attributes": {
            "arn": "arn:aws:lambda:eu-central-1:787766023079:function:start_instances",
            "batch_target": [],
            "dead_letter_config": [],
            "ecs_target": [],
            "event_bus_name": "default",
            "http_target": [],
            "id": "start_instances_event_rule-start_instances_lambda_target",
            "input": "",
            "input_path": "",
            "input_transformer": [],
            "kinesis_target": [],
            "redshift_target": [],
            "retry_policy": [],
            "role_arn": "",
            "rule": "start_instances_event_rule",
            "run_command_targets": [],
            "sqs_target": [],
            "target_id": "start_instances_lambda_target"
          },
          "sensitive_attributes": [],
          "private": "eyJzY2hlbWFfdmVyc2lvbiI6IjEifQ==",
          "dependencies": [
            "aws_cloudwatch_event_rule.start_instances_event_rule",
            "aws_iam_role.ec2_start_stop_scheduler",
            "aws_lambda_function.ec2_start_scheduler_lambda",
            "data.archive_file.start_scheduler"
          ]
        }
      ]
    },
    {
      "mode": "managed",
      "type": "aws_cloudwatch_event_target",
      "name": "stop_instances_event_target",
      "provider": "provider[\"registry.terraform.io/hashicorp/aws\"]",
      "instances": [
        {
          "schema_version": 1,
          "attributes": {
            "arn": "arn:aws:lambda:eu-central-1:787766023079:function:stop_instances",
            "batch_target": [],
            "dead_letter_config": [],
            "ecs_target": [],
            "event_bus_name": "default",
            "http_target": [],
            "id": "stop_instances_event_rule-stop_instances_lambda_target",
            "input": "",
            "input_path": "",
            "input_transformer": [],
            "kinesis_target": [],
            "redshift_target": [],
            "retry_policy": [],
            "role_arn": "",
            "rule": "stop_instances_event_rule",
            "run_command_targets": [],
            "sqs_target": [],
            "target_id": "stop_instances_lambda_target"
          },
          "sensitive_attributes": [],
          "private": "eyJzY2hlbWFfdmVyc2lvbiI6IjEifQ==",
          "dependencies": [
            "aws_cloudwatch_event_rule.stop_instances_event_rule",
            "aws_iam_role.ec2_start_stop_scheduler",
            "aws_lambda_function.ec2_stop_scheduler_lambda",
            "data.archive_file.stop_scheduler"
          ]
        }
      ]
    },
    {
      "mode": "managed",
      "type": "aws_dynamodb_table",
      "name": "terraform_locks",
      "provider": "provider[\"registry.terraform.io/hashicorp/aws\"]",
      "instances": [
        {
          "schema_version": 1,
          "attributes": {
            "arn": "arn:aws:dynamodb:eu-central-1:787766023079:table/terraform-up-and-running-locks",
            "attribute": [
              {
                "name": "LockID",
                "type": "S"
              }
            ],
            "billing_mode": "PAY_PER_REQUEST",
            "deletion_protection_enabled": false,
            "global_secondary_index": [],
            "hash_key": "LockID",
            "id": "terraform-up-and-running-locks",
            "local_secondary_index": [],
            "name": "terraform-up-and-running-locks",
            "point_in_time_recovery": [
              {
                "enabled": false
              }
            ],
            "range_key": null,
            "read_capacity": 0,
            "replica": [],
            "restore_date_time": null,
            "restore_source_name": null,
            "restore_to_latest_time": null,
            "server_side_encryption": [],
            "stream_arn": "",
            "stream_enabled": false,
            "stream_label": "",
            "stream_view_type": "",
            "table_class": "STANDARD",
            "tags": null,
            "tags_all": {},
            "timeouts": null,
            "ttl": [
              {
                "attribute_name": "",
                "enabled": false
              }
            ],
            "write_capacity": 0
          },
          "sensitive_attributes": [],
          "private": "eyJlMmJmYjczMC1lY2FhLTExZTYtOGY4OC0zNDM2M2JjN2M0YzAiOnsiY3JlYXRlIjoxODAwMDAwMDAwMDAwLCJkZWxldGUiOjYwMDAwMDAwMDAwMCwidXBkYXRlIjozNjAwMDAwMDAwMDAwfSwic2NoZW1hX3ZlcnNpb24iOiIxIn0="
        }
      ]
    },
    {
      "mode": "managed",
      "type": "aws_iam_policy",
      "name": "ec2_start_stop_scheduler",
      "provider": "provider[\"registry.terraform.io/hashicorp/aws\"]",
      "instances": [
        {
          "schema_version": 0,
          "attributes": {
            "arn": "arn:aws:iam::787766023079:policy/ec2_access_scheduler",
            "description": "",
            "id": "arn:aws:iam::787766023079:policy/ec2_access_scheduler",
            "name": "ec2_access_scheduler",
            "name_prefix": "",
            "path": "/",
            "policy": "{\"Statement\":[{\"Action\":[\"logs:PutLogEvents\",\"logs:CreateLogStream\",\"logs:CreateLogGroup\",\"ec2:StopInstances\",\"ec2:StartInstances\",\"ec2:DescribeTags\",\"ec2:DescribeSnapshots\",\"ec2:DescribeInstances\",\"ec2:DescribeImages\"],\"Effect\":\"Allow\",\"Resource\":\"*\"}],\"Version\":\"2012-10-17\"}",
            "policy_id": "ANPA3O2UDSOTXA4GQBURQ",
            "tags": {},
            "tags_all": {}
          },
          "sensitive_attributes": [],
          "private": "bnVsbA==",
          "dependencies": [
            "data.aws_iam_policy_document.ec2_start_stop_scheduler"
          ]
        }
      ]
    },
    {
      "mode": "managed",
      "type": "aws_iam_role",
      "name": "ec2_start_stop_scheduler",
      "provider": "provider[\"registry.terraform.io/hashicorp/aws\"]",
      "instances": [
        {
          "schema_version": 0,
          "attributes": {
            "arn": "arn:aws:iam::787766023079:role/ec2_start_stop_scheduler",
            "assume_role_policy": "{\"Statement\":[{\"Action\":\"sts:AssumeRole\",\"Effect\":\"Allow\",\"Principal\":{\"Service\":\"lambda.amazonaws.com\"},\"Sid\":\"\"}],\"Version\":\"2012-10-17\"}",
            "create_date": "2023-07-03T09:24:34Z",
            "description": "",
            "force_detach_policies": false,
            "id": "ec2_start_stop_scheduler",
            "inline_policy": [],
            "managed_policy_arns": [
              "arn:aws:iam::787766023079:policy/ec2_access_scheduler"
            ],
            "max_session_duration": 3600,
            "name": "ec2_start_stop_scheduler",
            "name_prefix": "",
            "path": "/",
            "permissions_boundary": null,
            "tags": {},
            "tags_all": {},
            "unique_id": "AROA3O2UDSOTXAZKSMTXV"
          },
          "sensitive_attributes": [],
          "private": "bnVsbA=="
        }
      ]
    },
    {
      "mode": "managed",
      "type": "aws_iam_role_policy_attachment",
      "name": "ec2_access_scheduler",
      "provider": "provider[\"registry.terraform.io/hashicorp/aws\"]",
      "instances": [
        {
          "schema_version": 0,
          "attributes": {
            "id": "ec2_start_stop_scheduler-20230703092435172200000001",
            "policy_arn": "arn:aws:iam::787766023079:policy/ec2_access_scheduler",
            "role": "ec2_start_stop_scheduler"
          },
          "sensitive_attributes": [],
          "private": "bnVsbA==",
          "dependencies": [
            "aws_iam_policy.ec2_start_stop_scheduler",
            "aws_iam_role.ec2_start_stop_scheduler",
            "data.aws_iam_policy_document.ec2_start_stop_scheduler"
          ]
        }
      ]
    },
    {
      "mode": "managed",
      "type": "aws_instance",
      "name": "HTTP_EC2",
      "provider": "provider[\"registry.terraform.io/hashicorp/aws\"]",
      "instances": [
        {
          "index_key": 0,
          "schema_version": 1,
          "attributes": {
            "ami": "ami-0749e2c902c836c08",
            "arn": "arn:aws:ec2:eu-central-1:787766023079:instance/i-0528b99cbe83e20e5",
            "associate_public_ip_address": true,
            "availability_zone": "eu-central-1a",
            "capacity_reservation_specification": [
              {
                "capacity_reservation_preference": "open",
                "capacity_reservation_target": []
              }
            ],
            "cpu_core_count": 1,
            "cpu_options": [
              {
                "amd_sev_snp": "",
                "core_count": 1,
                "threads_per_core": 1
              }
            ],
            "cpu_threads_per_core": 1,
            "credit_specification": [
              {
                "cpu_credits": "standard"
              }
            ],
            "disable_api_stop": false,
            "disable_api_termination": false,
            "ebs_block_device": [],
            "ebs_optimized": false,
            "enclave_options": [
              {
                "enabled": false
              }
            ],
            "ephemeral_block_device": [],
            "get_password_data": false,
            "hibernation": false,
            "host_id": "",
            "host_resource_group_arn": null,
            "iam_instance_profile": "",
            "id": "i-0528b99cbe83e20e5",
            "instance_initiated_shutdown_behavior": "stop",
            "instance_lifecycle": "",
            "instance_market_options": [],
            "instance_state": "running",
            "instance_type": "t2.micro",
            "ipv6_address_count": 0,
            "ipv6_addresses": [],
            "key_name": "New_Key",
            "launch_template": [],
            "maintenance_options": [
              {
                "auto_recovery": "default"
              }
            ],
            "metadata_options": [
              {
                "http_endpoint": "enabled",
                "http_put_response_hop_limit": 2,
                "http_tokens": "required",
                "instance_metadata_tags": "disabled"
              }
            ],
            "monitoring": false,
            "network_interface": [],
            "outpost_arn": "",
            "password_data": "",
            "placement_group": "",
            "placement_partition_number": 0,
            "primary_network_interface_id": "eni-0b9ee2faf46679173",
            "private_dns": "ip-10-0-1-237.eu-central-1.compute.internal",
            "private_dns_name_options": [
              {
                "enable_resource_name_dns_a_record": false,
                "enable_resource_name_dns_aaaa_record": false,
                "hostname_type": "ip-name"
              }
            ],
            "private_ip": "10.0.1.237",
            "public_dns": "ec2-18-157-164-135.eu-central-1.compute.amazonaws.com",
            "public_ip": "18.157.164.135",
            "root_block_device": [
              {
                "delete_on_termination": true,
                "device_name": "/dev/xvda",
                "encrypted": false,
                "iops": 3000,
                "kms_key_id": "",
                "tags": {},
                "throughput": 125,
                "volume_id": "vol-0b21af1b07bca2925",
                "volume_size": 8,
                "volume_type": "gp3"
              }
            ],
            "secondary_private_ips": [],
            "security_groups": [
              "sg-0f06d2503837bdec8"
            ],
            "source_dest_check": true,
            "spot_instance_request_id": "",
            "subnet_id": "subnet-00e446ee1939f85fc",
            "tags": null,
            "tags_all": {},
            "tenancy": "default",
            "timeouts": null,
            "user_data": "4bdf38d6dc5c44a38ec8f0f935e641a69200ab22",
            "user_data_base64": null,
            "user_data_replace_on_change": false,
            "volume_tags": null,
            "vpc_security_group_ids": [
              "sg-0f06d2503837bdec8"
            ]
          },
          "sensitive_attributes": [],
          "private": "eyJlMmJmYjczMC1lY2FhLTExZTYtOGY4OC0zNDM2M2JjN2M0YzAiOnsiY3JlYXRlIjo2MDAwMDAwMDAwMDAsImRlbGV0ZSI6MTIwMDAwMDAwMDAwMCwidXBkYXRlIjo2MDAwMDAwMDAwMDB9LCJzY2hlbWFfdmVyc2lvbiI6IjEifQ==",
          "dependencies": [
            "aws_key_pair.generated_key",
            "aws_security_group.allow_http",
            "aws_subnet.public_subnets"
          ]
        }
      ]
    },
    {
      "mode": "managed",
      "type": "aws_internet_gateway",
      "name": "gw",
      "provider": "provider[\"registry.terraform.io/hashicorp/aws\"]",
      "instances": [
        {
          "schema_version": 0,
          "attributes": {
            "arn": "arn:aws:ec2:eu-central-1:787766023079:internet-gateway/igw-0d1c233cce7495a97",
            "id": "igw-0d1c233cce7495a97",
            "owner_id": "787766023079",
            "tags": {
              "Name": "Project VPC IG"
            },
            "tags_all": {
              "Name": "Project VPC IG"
            },
            "timeouts": null,
            "vpc_id": "vpc-0a87e3950374a8e6b"
          },
          "sensitive_attributes": [],
          "private": "eyJlMmJmYjczMC1lY2FhLTExZTYtOGY4OC0zNDM2M2JjN2M0YzAiOnsiY3JlYXRlIjoxMjAwMDAwMDAwMDAwLCJkZWxldGUiOjEyMDAwMDAwMDAwMDAsInVwZGF0ZSI6MTIwMDAwMDAwMDAwMH19",
          "dependencies": [
            "aws_vpc.main"
          ]
        }
      ]
    },
    {
      "mode": "managed",
      "type": "aws_key_pair",
      "name": "generated_key",
      "provider": "provider[\"registry.terraform.io/hashicorp/aws\"]",
      "instances": [
        {
          "schema_version": 1,
          "attributes": {
            "arn": "arn:aws:ec2:eu-central-1:787766023079:key-pair/New_Key",
            "fingerprint": "2b:09:02:9a:7d:a0:d8:1f:bc:a0:3d:de:d5:91:b5:de",
            "id": "New_Key",
            "key_name": "New_Key",
            "key_name_prefix": "",
            "key_pair_id": "key-0942ba5855583ea3a",
            "key_type": "rsa",
            "public_key": "ssh-rsa AAAAB3NzaC1yc2EAAAADAQABAAACAQC8txYav0o1c5C4LZgjsudDRPUZyA9BOWEDUvzkTMVYNoA85UjeOKleq0QDtjUQVpNwlyqZlyws/1aFBjQD6uSe4c0JtEZPKZBy6unByeM4t4gFQ2C9Wm8aGJEOPMR0SEoVSftTTobyOYJlcB8FN/It6JRxMjcZDu7sXcyGrDIRR/NvGN62SRr4MbaYMHe7lWndCnBe09aT5quo4TiOX1UoaGZpKhEc3wrxToSZs9x4farREAUFTl0TsCfyk1jcqmg6xfTCpTvILme34x8SoT8Sz/ZewDKEyBYli6FdGwGV4Tcps8mAyR2Sseb5IId3MOLjyc6FVD06fWlKtj0i01aPDs16Vuoyztvbz9KEQdxTy1mB3ahyjOsKjfBN3zPU9EHUw5QINWkAlBVtfhsnXDH7DdNxocnbY0g/4W749SP4+hg+WMYSCLP0ZhC8l9vXmodsk5IrCU7xEaVeNju/rby+bzFZjzCFuKEv5PcuKBlINfRNFCBdwtLBfp3x3rn2gd3Yw4QE/86dl8Kr3Xv/b6Y8uYw1AFlbvQ1uyiMeShXL85olV7CWfschou90yCYSJ7jRDh5MH6aCloeGoG2Sthjrly6sOsaC0yjgBsQrsIywpJkx3DVtrby0Hbn2WGviHRT9R8PDrp0bfyjY2SVGDOz2qh2HgzyjMNHCIgqZFnzmTQ==",
            "tags": {},
            "tags_all": {}
          },
          "sensitive_attributes": [],
          "private": "eyJzY2hlbWFfdmVyc2lvbiI6IjEifQ==",
          "dependencies": [
            "tls_private_key.New_Key"
          ]
        }
      ]
    },
    {
      "mode": "managed",
      "type": "aws_lambda_function",
      "name": "ec2_start_scheduler_lambda",
      "provider": "provider[\"registry.terraform.io/hashicorp/aws\"]",
      "instances": [
        {
          "schema_version": 0,
          "attributes": {
            "architectures": [
              "x86_64"
            ],
            "arn": "arn:aws:lambda:eu-central-1:787766023079:function:start_instances",
            "code_signing_config_arn": "",
            "dead_letter_config": [],
            "description": "",
            "environment": [],
            "ephemeral_storage": [
              {
                "size": 512
              }
            ],
            "file_system_config": [],
            "filename": "start_instances.zip",
            "function_name": "start_instances",
            "handler": "start_instances.lambda_handler",
            "id": "start_instances",
            "image_config": [],
            "image_uri": "",
            "invoke_arn": "arn:aws:apigateway:eu-central-1:lambda:path/2015-03-31/functions/arn:aws:lambda:eu-central-1:787766023079:function:start_instances/invocations",
            "kms_key_arn": "",
            "last_modified": "2023-07-03T09:48:28.000+0000",
            "layers": [],
            "memory_size": 128,
            "package_type": "Zip",
            "publish": false,
            "qualified_arn": "arn:aws:lambda:eu-central-1:787766023079:function:start_instances:$LATEST",
            "qualified_invoke_arn": "arn:aws:apigateway:eu-central-1:lambda:path/2015-03-31/functions/arn:aws:lambda:eu-central-1:787766023079:function:start_instances:$LATEST/invocations",
            "replace_security_groups_on_destroy": null,
            "replacement_security_group_ids": null,
            "reserved_concurrent_executions": -1,
            "role": "arn:aws:iam::787766023079:role/ec2_start_stop_scheduler",
            "runtime": "python3.9",
            "s3_bucket": null,
            "s3_key": null,
            "s3_object_version": null,
            "signing_job_arn": "",
            "signing_profile_version_arn": "",
            "skip_destroy": false,
            "snap_start": [],
            "source_code_hash": "+L7pzI57GUMA7Ch1CPOBqptfmk8kqswHLK4JpzMIYmw=",
            "source_code_size": 492,
            "tags": {},
            "tags_all": {},
            "timeout": 300,
            "timeouts": null,
            "tracing_config": [
              {
                "mode": "PassThrough"
              }
            ],
            "version": "$LATEST",
            "vpc_config": []
          },
          "sensitive_attributes": [],
          "private": "eyJlMmJmYjczMC1lY2FhLTExZTYtOGY4OC0zNDM2M2JjN2M0YzAiOnsiY3JlYXRlIjo2MDAwMDAwMDAwMDAsImRlbGV0ZSI6NjAwMDAwMDAwMDAwLCJ1cGRhdGUiOjYwMDAwMDAwMDAwMH19",
          "dependencies": [
            "aws_iam_role.ec2_start_stop_scheduler",
            "data.archive_file.start_scheduler"
          ]
        }
      ]
    },
    {
      "mode": "managed",
      "type": "aws_lambda_function",
      "name": "ec2_stop_scheduler_lambda",
      "provider": "provider[\"registry.terraform.io/hashicorp/aws\"]",
      "instances": [
        {
          "schema_version": 0,
          "attributes": {
            "architectures": [
              "x86_64"
            ],
            "arn": "arn:aws:lambda:eu-central-1:787766023079:function:stop_instances",
            "code_signing_config_arn": "",
            "dead_letter_config": [],
            "description": "",
            "environment": [],
            "ephemeral_storage": [
              {
                "size": 512
              }
            ],
            "file_system_config": [],
            "filename": "stop_instances.zip",
            "function_name": "stop_instances",
            "handler": "stop_instances.lambda_handler",
            "id": "stop_instances",
            "image_config": [],
            "image_uri": "",
            "invoke_arn": "arn:aws:apigateway:eu-central-1:lambda:path/2015-03-31/functions/arn:aws:lambda:eu-central-1:787766023079:function:stop_instances/invocations",
            "kms_key_arn": "",
            "last_modified": "2023-07-03T10:43:00.000+0000",
            "layers": [],
            "memory_size": 128,
            "package_type": "Zip",
            "publish": false,
            "qualified_arn": "arn:aws:lambda:eu-central-1:787766023079:function:stop_instances:$LATEST",
            "qualified_invoke_arn": "arn:aws:apigateway:eu-central-1:lambda:path/2015-03-31/functions/arn:aws:lambda:eu-central-1:787766023079:function:stop_instances:$LATEST/invocations",
            "replace_security_groups_on_destroy": null,
            "replacement_security_group_ids": null,
            "reserved_concurrent_executions": -1,
            "role": "arn:aws:iam::787766023079:role/ec2_start_stop_scheduler",
            "runtime": "python3.9",
            "s3_bucket": null,
            "s3_key": null,
            "s3_object_version": null,
            "signing_job_arn": "",
            "signing_profile_version_arn": "",
            "skip_destroy": false,
            "snap_start": [],
            "source_code_hash": "zvbo3EipLHyYsS30/ciqywa3Gt+uIJzKSwjOTMPzxZo=",
            "source_code_size": 492,
            "tags": {},
            "tags_all": {},
            "timeout": 300,
            "timeouts": null,
            "tracing_config": [
              {
                "mode": "PassThrough"
              }
            ],
            "version": "$LATEST",
            "vpc_config": []
          },
          "sensitive_attributes": [],
          "private": "eyJlMmJmYjczMC1lY2FhLTExZTYtOGY4OC0zNDM2M2JjN2M0YzAiOnsiY3JlYXRlIjo2MDAwMDAwMDAwMDAsImRlbGV0ZSI6NjAwMDAwMDAwMDAwLCJ1cGRhdGUiOjYwMDAwMDAwMDAwMH19",
          "dependencies": [
            "aws_iam_role.ec2_start_stop_scheduler",
            "data.archive_file.stop_scheduler"
          ]
        }
      ]
    },
    {
      "mode": "managed",
      "type": "aws_lambda_permission",
      "name": "allow_cloudwatch_to_call_start_scheduler",
      "provider": "provider[\"registry.terraform.io/hashicorp/aws\"]",
      "instances": [
        {
          "schema_version": 0,
          "attributes": {
            "action": "lambda:InvokeFunction",
            "event_source_token": null,
            "function_name": "start_instances",
            "function_url_auth_type": null,
            "id": "AllowExecutionFromCloudWatch",
            "principal": "events.amazonaws.com",
            "principal_org_id": null,
            "qualifier": "",
            "source_account": null,
            "source_arn": "arn:aws:events:eu-central-1:787766023079:rule/start_instances_event_rule",
            "statement_id": "AllowExecutionFromCloudWatch",
            "statement_id_prefix": ""
          },
          "sensitive_attributes": [],
          "private": "bnVsbA==",
          "dependencies": [
            "aws_cloudwatch_event_rule.start_instances_event_rule",
            "aws_iam_role.ec2_start_stop_scheduler",
            "aws_lambda_function.ec2_start_scheduler_lambda",
            "data.archive_file.start_scheduler"
          ]
        }
      ]
    },
    {
      "mode": "managed",
      "type": "aws_lambda_permission",
      "name": "allow_cloudwatch_to_call_stop_scheduler",
      "provider": "provider[\"registry.terraform.io/hashicorp/aws\"]",
      "instances": [
        {
          "schema_version": 0,
          "attributes": {
            "action": "lambda:InvokeFunction",
            "event_source_token": null,
            "function_name": "stop_instances",
            "function_url_auth_type": null,
            "id": "AllowExecutionFromCloudWatch",
            "principal": "events.amazonaws.com",
            "principal_org_id": null,
            "qualifier": "",
            "source_account": null,
            "source_arn": "arn:aws:events:eu-central-1:787766023079:rule/stop_instances_event_rule",
            "statement_id": "AllowExecutionFromCloudWatch",
            "statement_id_prefix": ""
          },
          "sensitive_attributes": [],
          "private": "bnVsbA==",
          "dependencies": [
            "aws_cloudwatch_event_rule.stop_instances_event_rule",
            "aws_iam_role.ec2_start_stop_scheduler",
            "aws_lambda_function.ec2_stop_scheduler_lambda",
            "data.archive_file.stop_scheduler"
          ]
        }
      ]
    },
    {
      "mode": "managed",
      "type": "aws_route_table",
      "name": "second_rt",
      "provider": "provider[\"registry.terraform.io/hashicorp/aws\"]",
      "instances": [
        {
          "schema_version": 0,
          "attributes": {
            "arn": "arn:aws:ec2:eu-central-1:787766023079:route-table/rtb-0937f9e81b006c7c9",
            "id": "rtb-0937f9e81b006c7c9",
            "owner_id": "787766023079",
            "propagating_vgws": [],
            "route": [
              {
                "carrier_gateway_id": "",
                "cidr_block": "0.0.0.0/0",
                "core_network_arn": "",
                "destination_prefix_list_id": "",
                "egress_only_gateway_id": "",
                "gateway_id": "igw-0d1c233cce7495a97",
                "ipv6_cidr_block": "",
                "local_gateway_id": "",
                "nat_gateway_id": "",
                "network_interface_id": "",
                "transit_gateway_id": "",
                "vpc_endpoint_id": "",
                "vpc_peering_connection_id": ""
              }
            ],
            "tags": {},
            "tags_all": {},
            "timeouts": null,
            "vpc_id": "vpc-0a87e3950374a8e6b"
          },
          "sensitive_attributes": [],
          "private": "eyJlMmJmYjczMC1lY2FhLTExZTYtOGY4OC0zNDM2M2JjN2M0YzAiOnsiY3JlYXRlIjozMDAwMDAwMDAwMDAsImRlbGV0ZSI6MzAwMDAwMDAwMDAwLCJ1cGRhdGUiOjEyMDAwMDAwMDAwMH19",
          "dependencies": [
            "aws_internet_gateway.gw",
            "aws_vpc.main"
          ]
        }
      ]
    },
    {
      "mode": "managed",
      "type": "aws_route_table_association",
      "name": "public_subnet_asso",
      "provider": "provider[\"registry.terraform.io/hashicorp/aws\"]",
      "instances": [
        {
          "index_key": 0,
          "schema_version": 0,
          "attributes": {
            "gateway_id": "",
            "id": "rtbassoc-0c6aeec719b96f31f",
            "route_table_id": "rtb-0937f9e81b006c7c9",
            "subnet_id": "subnet-00e446ee1939f85fc",
            "timeouts": null
          },
          "sensitive_attributes": [],
          "private": "eyJlMmJmYjczMC1lY2FhLTExZTYtOGY4OC0zNDM2M2JjN2M0YzAiOnsiY3JlYXRlIjozMDAwMDAwMDAwMDAsImRlbGV0ZSI6MzAwMDAwMDAwMDAwLCJ1cGRhdGUiOjEyMDAwMDAwMDAwMH19",
          "dependencies": [
            "aws_internet_gateway.gw",
            "aws_route_table.second_rt",
            "aws_subnet.public_subnets",
            "aws_vpc.main"
          ]
        },
        {
          "index_key": 1,
          "schema_version": 0,
          "attributes": {
            "gateway_id": "",
            "id": "rtbassoc-089b4723e024ff7f7",
            "route_table_id": "rtb-0937f9e81b006c7c9",
            "subnet_id": "subnet-0057828c7f6fb9e16",
            "timeouts": null
          },
          "sensitive_attributes": [],
          "private": "eyJlMmJmYjczMC1lY2FhLTExZTYtOGY4OC0zNDM2M2JjN2M0YzAiOnsiY3JlYXRlIjozMDAwMDAwMDAwMDAsImRlbGV0ZSI6MzAwMDAwMDAwMDAwLCJ1cGRhdGUiOjEyMDAwMDAwMDAwMH19",
          "dependencies": [
            "aws_internet_gateway.gw",
            "aws_route_table.second_rt",
            "aws_subnet.public_subnets",
            "aws_vpc.main"
          ]
        },
        {
          "index_key": 2,
          "schema_version": 0,
          "attributes": {
            "gateway_id": "",
            "id": "rtbassoc-07aa2cd09df44e0f9",
            "route_table_id": "rtb-0937f9e81b006c7c9",
            "subnet_id": "subnet-01a4801ab4699aaa8",
            "timeouts": null
          },
          "sensitive_attributes": [],
          "private": "eyJlMmJmYjczMC1lY2FhLTExZTYtOGY4OC0zNDM2M2JjN2M0YzAiOnsiY3JlYXRlIjozMDAwMDAwMDAwMDAsImRlbGV0ZSI6MzAwMDAwMDAwMDAwLCJ1cGRhdGUiOjEyMDAwMDAwMDAwMH19",
          "dependencies": [
            "aws_internet_gateway.gw",
            "aws_route_table.second_rt",
            "aws_subnet.public_subnets",
            "aws_vpc.main"
          ]
        }
      ]
    },
    {
      "mode": "managed",
      "type": "aws_s3_bucket_public_access_block",
      "name": "public_access",
      "provider": "provider[\"registry.terraform.io/hashicorp/aws\"]",
      "instances": [
        {
          "schema_version": 0,
          "attributes": {
            "block_public_acls": true,
            "block_public_policy": true,
            "bucket": "destractonucket",
            "id": "destractonucket",
            "ignore_public_acls": true,
            "restrict_public_buckets": true
          },
          "sensitive_attributes": [],
          "private": "bnVsbA=="
        }
      ]
    },
    {
      "mode": "managed",
      "type": "aws_s3_bucket_server_side_encryption_configuration",
      "name": "default",
      "provider": "provider[\"registry.terraform.io/hashicorp/aws\"]",
      "instances": [
        {
          "schema_version": 0,
          "attributes": {
            "bucket": "destractonucket",
            "expected_bucket_owner": "",
            "id": "destractonucket",
            "rule": [
              {
                "apply_server_side_encryption_by_default": [
                  {
                    "kms_master_key_id": "",
                    "sse_algorithm": "AES256"
                  }
                ],
                "bucket_key_enabled": null
              }
            ]
          },
          "sensitive_attributes": [],
          "private": "bnVsbA=="
        }
      ]
    },
    {
      "mode": "managed",
      "type": "aws_s3_bucket_versioning",
      "name": "enabled",
      "provider": "provider[\"registry.terraform.io/hashicorp/aws\"]",
      "instances": [
        {
          "schema_version": 0,
          "attributes": {
            "bucket": "destractonucket",
            "expected_bucket_owner": "",
            "id": "destractonucket",
            "mfa": null,
            "versioning_configuration": [
              {
                "mfa_delete": "",
                "status": "Enabled"
              }
            ]
          },
          "sensitive_attributes": [],
          "private": "bnVsbA=="
        }
      ]
    },
    {
      "mode": "managed",
      "type": "aws_security_group",
      "name": "allow_http",
      "provider": "provider[\"registry.terraform.io/hashicorp/aws\"]",
      "instances": [
        {
          "schema_version": 1,
          "attributes": {
            "arn": "arn:aws:ec2:eu-central-1:787766023079:security-group/sg-0f06d2503837bdec8",
            "description": "Allow http inbound traffic",
            "egress": [
              {
                "cidr_blocks": [
                  "0.0.0.0/0"
                ],
                "description": "",
                "from_port": 0,
                "ipv6_cidr_blocks": [
                  "::/0"
                ],
                "prefix_list_ids": [],
                "protocol": "-1",
                "security_groups": [],
                "self": false,
                "to_port": 0
              }
            ],
            "id": "sg-0f06d2503837bdec8",
            "ingress": [
              {
                "cidr_blocks": [
                  "0.0.0.0/0"
                ],
                "description": "HTTP from VPC",
                "from_port": 8080,
                "ipv6_cidr_blocks": [
                  "::/0"
                ],
                "prefix_list_ids": [],
                "protocol": "tcp",
                "security_groups": [],
                "self": false,
                "to_port": 8080
              },
              {
                "cidr_blocks": [
                  "0.0.0.0/0"
                ],
                "description": "HTTP from VPC",
                "from_port": 80,
                "ipv6_cidr_blocks": [
                  "::/0"
                ],
                "prefix_list_ids": [],
                "protocol": "tcp",
                "security_groups": [],
                "self": false,
                "to_port": 80
              },
              {
                "cidr_blocks": [
                  "0.0.0.0/0"
                ],
                "description": "SSH from VPC",
                "from_port": 22,
                "ipv6_cidr_blocks": [
                  "::/0"
                ],
                "prefix_list_ids": [],
                "protocol": "tcp",
                "security_groups": [],
                "self": false,
                "to_port": 22
              }
            ],
            "name": "allow_http",
            "name_prefix": "",
            "owner_id": "787766023079",
            "revoke_rules_on_delete": false,
            "tags": {},
            "tags_all": {},
            "timeouts": null,
            "vpc_id": "vpc-0a87e3950374a8e6b"
          },
          "sensitive_attributes": [],
          "private": "eyJlMmJmYjczMC1lY2FhLTExZTYtOGY4OC0zNDM2M2JjN2M0YzAiOnsiY3JlYXRlIjo2MDAwMDAwMDAwMDAsImRlbGV0ZSI6OTAwMDAwMDAwMDAwfSwic2NoZW1hX3ZlcnNpb24iOiIxIn0=",
          "dependencies": [
            "aws_vpc.main"
          ]
        }
      ]
    },
    {
      "mode": "managed",
      "type": "aws_subnet",
      "name": "private_subnets",
      "provider": "provider[\"registry.terraform.io/hashicorp/aws\"]",
      "instances": [
        {
          "index_key": 0,
          "schema_version": 1,
          "attributes": {
            "arn": "arn:aws:ec2:eu-central-1:787766023079:subnet/subnet-0611461ef5c23ce6d",
            "assign_ipv6_address_on_creation": false,
            "availability_zone": "eu-central-1a",
            "availability_zone_id": "euc1-az2",
            "cidr_block": "10.0.4.0/24",
            "customer_owned_ipv4_pool": "",
            "enable_dns64": false,
            "enable_lni_at_device_index": 0,
            "enable_resource_name_dns_a_record_on_launch": false,
            "enable_resource_name_dns_aaaa_record_on_launch": false,
            "id": "subnet-0611461ef5c23ce6d",
            "ipv6_cidr_block": "",
            "ipv6_cidr_block_association_id": "",
            "ipv6_native": false,
            "map_customer_owned_ip_on_launch": false,
            "map_public_ip_on_launch": false,
            "outpost_arn": "",
            "owner_id": "787766023079",
            "private_dns_hostname_type_on_launch": "ip-name",
            "tags": {
              "Name": "Private Subnet 1"
            },
            "tags_all": {
              "Name": "Private Subnet 1"
            },
            "timeouts": null,
            "vpc_id": "vpc-0a87e3950374a8e6b"
          },
          "sensitive_attributes": [],
          "private": "eyJlMmJmYjczMC1lY2FhLTExZTYtOGY4OC0zNDM2M2JjN2M0YzAiOnsiY3JlYXRlIjo2MDAwMDAwMDAwMDAsImRlbGV0ZSI6MTIwMDAwMDAwMDAwMH0sInNjaGVtYV92ZXJzaW9uIjoiMSJ9",
          "dependencies": [
            "aws_vpc.main"
          ]
        },
        {
          "index_key": 1,
          "schema_version": 1,
          "attributes": {
            "arn": "arn:aws:ec2:eu-central-1:787766023079:subnet/subnet-08af0183d24ffbed2",
            "assign_ipv6_address_on_creation": false,
            "availability_zone": "eu-central-1b",
            "availability_zone_id": "euc1-az3",
            "cidr_block": "10.0.5.0/24",
            "customer_owned_ipv4_pool": "",
            "enable_dns64": false,
            "enable_lni_at_device_index": 0,
            "enable_resource_name_dns_a_record_on_launch": false,
            "enable_resource_name_dns_aaaa_record_on_launch": false,
            "id": "subnet-08af0183d24ffbed2",
            "ipv6_cidr_block": "",
            "ipv6_cidr_block_association_id": "",
            "ipv6_native": false,
            "map_customer_owned_ip_on_launch": false,
            "map_public_ip_on_launch": false,
            "outpost_arn": "",
            "owner_id": "787766023079",
            "private_dns_hostname_type_on_launch": "ip-name",
            "tags": {
              "Name": "Private Subnet 2"
            },
            "tags_all": {
              "Name": "Private Subnet 2"
            },
            "timeouts": null,
            "vpc_id": "vpc-0a87e3950374a8e6b"
          },
          "sensitive_attributes": [],
          "private": "eyJlMmJmYjczMC1lY2FhLTExZTYtOGY4OC0zNDM2M2JjN2M0YzAiOnsiY3JlYXRlIjo2MDAwMDAwMDAwMDAsImRlbGV0ZSI6MTIwMDAwMDAwMDAwMH0sInNjaGVtYV92ZXJzaW9uIjoiMSJ9",
          "dependencies": [
            "aws_vpc.main"
          ]
        },
        {
          "index_key": 2,
          "schema_version": 1,
          "attributes": {
            "arn": "arn:aws:ec2:eu-central-1:787766023079:subnet/subnet-004d2bc39d67fb815",
            "assign_ipv6_address_on_creation": false,
            "availability_zone": "eu-central-1c",
            "availability_zone_id": "euc1-az1",
            "cidr_block": "10.0.6.0/24",
            "customer_owned_ipv4_pool": "",
            "enable_dns64": false,
            "enable_lni_at_device_index": 0,
            "enable_resource_name_dns_a_record_on_launch": false,
            "enable_resource_name_dns_aaaa_record_on_launch": false,
            "id": "subnet-004d2bc39d67fb815",
            "ipv6_cidr_block": "",
            "ipv6_cidr_block_association_id": "",
            "ipv6_native": false,
            "map_customer_owned_ip_on_launch": false,
            "map_public_ip_on_launch": false,
            "outpost_arn": "",
            "owner_id": "787766023079",
            "private_dns_hostname_type_on_launch": "ip-name",
            "tags": {
              "Name": "Private Subnet 3"
            },
            "tags_all": {
              "Name": "Private Subnet 3"
            },
            "timeouts": null,
            "vpc_id": "vpc-0a87e3950374a8e6b"
          },
          "sensitive_attributes": [],
          "private": "eyJlMmJmYjczMC1lY2FhLTExZTYtOGY4OC0zNDM2M2JjN2M0YzAiOnsiY3JlYXRlIjo2MDAwMDAwMDAwMDAsImRlbGV0ZSI6MTIwMDAwMDAwMDAwMH0sInNjaGVtYV92ZXJzaW9uIjoiMSJ9",
          "dependencies": [
            "aws_vpc.main"
          ]
        }
      ]
    },
    {
      "mode": "managed",
      "type": "aws_subnet",
      "name": "public_subnets",
      "provider": "provider[\"registry.terraform.io/hashicorp/aws\"]",
      "instances": [
        {
          "index_key": 0,
          "schema_version": 1,
          "attributes": {
            "arn": "arn:aws:ec2:eu-central-1:787766023079:subnet/subnet-00e446ee1939f85fc",
            "assign_ipv6_address_on_creation": false,
            "availability_zone": "eu-central-1a",
            "availability_zone_id": "euc1-az2",
            "cidr_block": "10.0.1.0/24",
            "customer_owned_ipv4_pool": "",
            "enable_dns64": false,
            "enable_lni_at_device_index": 0,
            "enable_resource_name_dns_a_record_on_launch": false,
            "enable_resource_name_dns_aaaa_record_on_launch": false,
            "id": "subnet-00e446ee1939f85fc",
            "ipv6_cidr_block": "",
            "ipv6_cidr_block_association_id": "",
            "ipv6_native": false,
            "map_customer_owned_ip_on_launch": false,
            "map_public_ip_on_launch": true,
            "outpost_arn": "",
            "owner_id": "787766023079",
            "private_dns_hostname_type_on_launch": "ip-name",
            "tags": {
              "Name": "Public Subnet 1"
            },
            "tags_all": {
              "Name": "Public Subnet 1"
            },
            "timeouts": null,
            "vpc_id": "vpc-0a87e3950374a8e6b"
          },
          "sensitive_attributes": [],
          "private": "eyJlMmJmYjczMC1lY2FhLTExZTYtOGY4OC0zNDM2M2JjN2M0YzAiOnsiY3JlYXRlIjo2MDAwMDAwMDAwMDAsImRlbGV0ZSI6MTIwMDAwMDAwMDAwMH0sInNjaGVtYV92ZXJzaW9uIjoiMSJ9",
          "dependencies": [
            "aws_vpc.main"
          ]
        },
        {
          "index_key": 1,
          "schema_version": 1,
          "attributes": {
            "arn": "arn:aws:ec2:eu-central-1:787766023079:subnet/subnet-0057828c7f6fb9e16",
            "assign_ipv6_address_on_creation": false,
            "availability_zone": "eu-central-1b",
            "availability_zone_id": "euc1-az3",
            "cidr_block": "10.0.2.0/24",
            "customer_owned_ipv4_pool": "",
            "enable_dns64": false,
            "enable_lni_at_device_index": 0,
            "enable_resource_name_dns_a_record_on_launch": false,
            "enable_resource_name_dns_aaaa_record_on_launch": false,
            "id": "subnet-0057828c7f6fb9e16",
            "ipv6_cidr_block": "",
            "ipv6_cidr_block_association_id": "",
            "ipv6_native": false,
            "map_customer_owned_ip_on_launch": false,
            "map_public_ip_on_launch": true,
            "outpost_arn": "",
            "owner_id": "787766023079",
            "private_dns_hostname_type_on_launch": "ip-name",
            "tags": {
              "Name": "Public Subnet 2"
            },
            "tags_all": {
              "Name": "Public Subnet 2"
            },
            "timeouts": null,
            "vpc_id": "vpc-0a87e3950374a8e6b"
          },
          "sensitive_attributes": [],
          "private": "eyJlMmJmYjczMC1lY2FhLTExZTYtOGY4OC0zNDM2M2JjN2M0YzAiOnsiY3JlYXRlIjo2MDAwMDAwMDAwMDAsImRlbGV0ZSI6MTIwMDAwMDAwMDAwMH0sInNjaGVtYV92ZXJzaW9uIjoiMSJ9",
          "dependencies": [
            "aws_vpc.main"
          ]
        },
        {
          "index_key": 2,
          "schema_version": 1,
          "attributes": {
            "arn": "arn:aws:ec2:eu-central-1:787766023079:subnet/subnet-01a4801ab4699aaa8",
            "assign_ipv6_address_on_creation": false,
            "availability_zone": "eu-central-1c",
            "availability_zone_id": "euc1-az1",
            "cidr_block": "10.0.3.0/24",
            "customer_owned_ipv4_pool": "",
            "enable_dns64": false,
            "enable_lni_at_device_index": 0,
            "enable_resource_name_dns_a_record_on_launch": false,
            "enable_resource_name_dns_aaaa_record_on_launch": false,
            "id": "subnet-01a4801ab4699aaa8",
            "ipv6_cidr_block": "",
            "ipv6_cidr_block_association_id": "",
            "ipv6_native": false,
            "map_customer_owned_ip_on_launch": false,
            "map_public_ip_on_launch": true,
            "outpost_arn": "",
            "owner_id": "787766023079",
            "private_dns_hostname_type_on_launch": "ip-name",
            "tags": {
              "Name": "Public Subnet 3"
            },
            "tags_all": {
              "Name": "Public Subnet 3"
            },
            "timeouts": null,
            "vpc_id": "vpc-0a87e3950374a8e6b"
          },
          "sensitive_attributes": [],
          "private": "eyJlMmJmYjczMC1lY2FhLTExZTYtOGY4OC0zNDM2M2JjN2M0YzAiOnsiY3JlYXRlIjo2MDAwMDAwMDAwMDAsImRlbGV0ZSI6MTIwMDAwMDAwMDAwMH0sInNjaGVtYV92ZXJzaW9uIjoiMSJ9",
          "dependencies": [
            "aws_vpc.main"
          ]
        }
      ]
    },
    {
      "mode": "managed",
      "type": "aws_vpc",
      "name": "main",
      "provider": "provider[\"registry.terraform.io/hashicorp/aws\"]",
      "instances": [
        {
          "schema_version": 1,
          "attributes": {
            "arn": "arn:aws:ec2:eu-central-1:787766023079:vpc/vpc-0a87e3950374a8e6b",
            "assign_generated_ipv6_cidr_block": false,
            "cidr_block": "10.0.0.0/16",
            "default_network_acl_id": "acl-0a6c0185b4f9a7e03",
            "default_route_table_id": "rtb-08f5dfa8ba0d6cf06",
            "default_security_group_id": "sg-0cd50a8eb5ec6fcf8",
            "dhcp_options_id": "dopt-0e56d6c52f5bf6af4",
            "enable_dns_hostnames": true,
            "enable_dns_support": true,
            "enable_network_address_usage_metrics": false,
            "id": "vpc-0a87e3950374a8e6b",
            "instance_tenancy": "default",
            "ipv4_ipam_pool_id": null,
            "ipv4_netmask_length": null,
            "ipv6_association_id": "",
            "ipv6_cidr_block": "",
            "ipv6_cidr_block_network_border_group": "",
            "ipv6_ipam_pool_id": "",
            "ipv6_netmask_length": 0,
            "main_route_table_id": "rtb-08f5dfa8ba0d6cf06",
            "owner_id": "787766023079",
            "tags": {
              "Name": "Project VPC"
            },
            "tags_all": {
              "Name": "Project VPC"
            }
          },
          "sensitive_attributes": [],
          "private": "eyJzY2hlbWFfdmVyc2lvbiI6IjEifQ=="
        }
      ]
    },
    {
      "mode": "managed",
      "type": "tls_private_key",
      "name": "New_Key",
      "provider": "provider[\"registry.terraform.io/hashicorp/tls\"]",
      "instances": [
        {
          "schema_version": 1,
          "attributes": {
            "algorithm": "RSA",
            "ecdsa_curve": "P224",
            "id": "5f8144e66b3aa71a9e7dad7b680c3b6754eac67b",
            "private_key_openssh": "-----BEGIN OPENSSH PRIVATE KEY-----\nb3BlbnNzaC1rZXktdjEAAAAABG5vbmUAAAAEbm9uZQAAAAAAAAABAAACFwAAAAdz\nc2gtcnNhAAAAAwEAAQAAAgEAvLcWGr9KNXOQuC2YI7LnQ0T1GcgPQTlhA1L85EzF\nWDaAPOVI3jipXqtEA7Y1EFaTcJcqmZcsLP9WhQY0A+rknuHNCbRGTymQcurpwcnj\nOLeIBUNgvVpvGhiRDjzEdEhKFUn7U06G8jmCZXAfBTfyLeiUcTI3GQ7u7F3Mhqwy\nEUfzbxjetkka+DG2mDB3u5Vp3QpwXtPWk+arqOE4jl9VKGhmaSoRHN8K8U6EmbPc\neH2q0RAFBU5dE7An8pNY3KpoOsX0wqU7yC5nt+MfEqE/Es/2XsAyhMgWJYuhXRsB\nleE3KbPJgMkdkrHm+SCHdzDi48nOhVQ9On1pSrY9ItNWjw7NelbqMs7b28/ShEHc\nU8tZgd2ocozrCo3wTd8z1PRB1MOUCDVpAJQVbX4bJ1wx+w3TcaHJ22NIP+Fu+PUj\n+PoYPljGEgiz9GYQvJfb15qHbJOSKwlO8RGlXjY7v628vm8xWY8whbihL+T3LigZ\nSDX0TRQgXcLSwX6d8d659oHd2MOEBP/OnZfCq917/2+mPLmMNQBZW70NbsojHkoV\ny/OaJVewln7HIaLvdMgmEie40Q4eTB+mgpaHhqBtkrYY65curDrGgtMo4AbEK7CM\nsKSZMdw1ba28tB259lhr4h0U/UfDw66dG38o2NklRgzs9qodh4M8ozDRwiIKmRZ8\n5k0AAAc4T0+FW09PhVsAAAAHc3NoLXJzYQAAAgEAvLcWGr9KNXOQuC2YI7LnQ0T1\nGcgPQTlhA1L85EzFWDaAPOVI3jipXqtEA7Y1EFaTcJcqmZcsLP9WhQY0A+rknuHN\nCbRGTymQcurpwcnjOLeIBUNgvVpvGhiRDjzEdEhKFUn7U06G8jmCZXAfBTfyLeiU\ncTI3GQ7u7F3MhqwyEUfzbxjetkka+DG2mDB3u5Vp3QpwXtPWk+arqOE4jl9VKGhm\naSoRHN8K8U6EmbPceH2q0RAFBU5dE7An8pNY3KpoOsX0wqU7yC5nt+MfEqE/Es/2\nXsAyhMgWJYuhXRsBleE3KbPJgMkdkrHm+SCHdzDi48nOhVQ9On1pSrY9ItNWjw7N\nelbqMs7b28/ShEHcU8tZgd2ocozrCo3wTd8z1PRB1MOUCDVpAJQVbX4bJ1wx+w3T\ncaHJ22NIP+Fu+PUj+PoYPljGEgiz9GYQvJfb15qHbJOSKwlO8RGlXjY7v628vm8x\nWY8whbihL+T3LigZSDX0TRQgXcLSwX6d8d659oHd2MOEBP/OnZfCq917/2+mPLmM\nNQBZW70NbsojHkoVy/OaJVewln7HIaLvdMgmEie40Q4eTB+mgpaHhqBtkrYY65cu\nrDrGgtMo4AbEK7CMsKSZMdw1ba28tB259lhr4h0U/UfDw66dG38o2NklRgzs9qod\nh4M8ozDRwiIKmRZ85k0AAAADAQABAAACABd+d6sGy5dR9t9nFbzEBhSS3izCglut\naA2A5GkLwbnUtyxdoy+/QB7AFaycn4iULrDisPQEJQTJGR1gg1NFiAbbt6oQnnw2\ngXw9ELMGjlo+RxnYpI+OVaybCFwMZqzPXyG9XyOk8Bnx3PEB/2qn52edv/VDuiZN\nfKNCnjbZ8zXBjmXzY66v9UKW9dOGnTFmTZKuPQUhPGKXYiGZQHBBIBnyvWU0ToMY\npYUbMFjuUnFRu9VhOC7L7byIvsBtZa+7K1S91lXxOjsWw+TZysGH/5E5AMQVC3UK\nb+9mrcUomo7tRe/UKS72Ws8rhMTZLuRA2s5fDm386c6BVH1vqLbQNsNL3SvvdTer\nPuDgdLVh096IunYP6IX1YExMQs81Md5ZBHdR2gmQ0HJ9F+lFCWPyul7Ps1RIIqrr\n9wWsiKKkt3OwWthDqqKoTr6C3FOhRIotPfb/KKn+2Qh5+P5T5qocKX/xkQrmvG2N\nr/PR3mZg70UYqrm97gLsC9eR4917uszbmZedXIqkDcN9pJgjexy47u9Wg2WrHVY3\nqKmxEIA78DtSPsMy0ZGfUni5r4ZodUcVu8OmwlwJkRndP/pfpAUiivenHNRjP1vm\nZMpPy0+xr5+N9jvgYBidxmhAkBxyh8HJPF/ec66Z4jlLTBhOZA75EtqFFJYATmFm\nwZqlb+TUi2DlAAABAF6WvNh5r3+UN/Mti480skDO1nUVH78ce8Xb9kUmAbBXh5pD\n8gLaqXF2oYDCfes7ST2Yfg/8u0UYl57UxnqNRz0AFGXVzImCSuceJxIh7G06ofXK\njersGQVUaxmNiM03PesNxdn5oN9HAGB8oQjurxxtZ8f2JDBOPM2nc3HlEHVkD1z1\nPr423lNykaHb8ST1E3cR0ocoohibggWDHlydR0V1i3YalE7aHpXlsMx6opOTEUHW\ncimDTbSfaa0wh+ve/rkfmhbuAc9hcxjoZp1rpbra13yhTTtVF0nH9TgYWRmpHv23\nfxzJ7NvUiTk+/vj9MaX5LuKwPxOHM0NWrWikyCgAAAEBAOXQeh/nf119xL/1motc\nQRQefLCzohmHttnAYgwLIFJ8EFOaZRPTkjVgLczvCVgZysEVPkIfJ0m0A7MvmpPB\n7sGvFQnwy4guYBrpSB/34ibMu1fGr2ZUFq70G1pcsUahATybAc7nfY1wzIQ6HEKK\nl85LT8LptBSpESmBuqm0aKIRsa0Q0lYFBnhQcv+SVffxxlydAyrH6cq4kqaqDJjj\nWKsopsl/L2bYt6BaL3w1kDeWsl30zE9pNcmf2q7YM7oyriYDLYlnY4rDZTaoVPXT\niVAlmAvox6LspP3weoCRIzdFlYBFYs1T5KLRWZ7u2Pl57PJ5xS2IKWCAyByHn68+\n1XMAAAEBANI3xm5ilU6V15O4NSgDHvcU54txkiv3nz2cyFaHkh8Yfw3hnwaJb5Og\nn4RorJYsSLVY8xmq694HRbOebv+0jA/bEdKF4glffnfOzR6Oeb3mDAhxPVaj5h6/\nbxJPQgW6cAJ00W+LIgTs4bRxoh+dX0yGbmiYwAS82yttwE2krUT444Ef9M065581\nS8jR51cloOU12T4dN24FX1z61R84Lx5VZghBI8tmvbel/cpVXZqTGB0x2g3jxQYT\n5I8Ek3WC1V0zCnjm6iOR+w+wbAy7L4AyZ9/s+3PsQ/6MTKoR5T1odMZIuR/DCxME\nxRZei4nOe0VE9+3WTwsdkcmw9rDwZT8AAAAAAQID\n-----END OPENSSH PRIVATE KEY-----\n",
            "private_key_pem": "-----BEGIN RSA PRIVATE KEY-----\nMIIJKAIBAAKCAgEAvLcWGr9KNXOQuC2YI7LnQ0T1GcgPQTlhA1L85EzFWDaAPOVI\n3jipXqtEA7Y1EFaTcJcqmZcsLP9WhQY0A+rknuHNCbRGTymQcurpwcnjOLeIBUNg\nvVpvGhiRDjzEdEhKFUn7U06G8jmCZXAfBTfyLeiUcTI3GQ7u7F3MhqwyEUfzbxje\ntkka+DG2mDB3u5Vp3QpwXtPWk+arqOE4jl9VKGhmaSoRHN8K8U6EmbPceH2q0RAF\nBU5dE7An8pNY3KpoOsX0wqU7yC5nt+MfEqE/Es/2XsAyhMgWJYuhXRsBleE3KbPJ\ngMkdkrHm+SCHdzDi48nOhVQ9On1pSrY9ItNWjw7NelbqMs7b28/ShEHcU8tZgd2o\ncozrCo3wTd8z1PRB1MOUCDVpAJQVbX4bJ1wx+w3TcaHJ22NIP+Fu+PUj+PoYPljG\nEgiz9GYQvJfb15qHbJOSKwlO8RGlXjY7v628vm8xWY8whbihL+T3LigZSDX0TRQg\nXcLSwX6d8d659oHd2MOEBP/OnZfCq917/2+mPLmMNQBZW70NbsojHkoVy/OaJVew\nln7HIaLvdMgmEie40Q4eTB+mgpaHhqBtkrYY65curDrGgtMo4AbEK7CMsKSZMdw1\nba28tB259lhr4h0U/UfDw66dG38o2NklRgzs9qodh4M8ozDRwiIKmRZ85k0CAwEA\nAQKCAgAXfnerBsuXUfbfZxW8xAYUkt4swoJbrWgNgORpC8G51LcsXaMvv0AewBWs\nnJ+IlC6w4rD0BCUEyRkdYINTRYgG27eqEJ58NoF8PRCzBo5aPkcZ2KSPjlWsmwhc\nDGasz18hvV8jpPAZ8dzxAf9qp+dnnb/1Q7omTXyjQp422fM1wY5l82Our/VClvXT\nhp0xZk2Srj0FITxil2IhmUBwQSAZ8r1lNE6DGKWFGzBY7lJxUbvVYTguy+28iL7A\nbWWvuytUvdZV8To7FsPk2crBh/+ROQDEFQt1Cm/vZq3FKJqO7UXv1Cku9lrPK4TE\n2S7kQNrOXw5t/OnOgVR9b6i20DbDS90r73U3qz7g4HS1YdPeiLp2D+iF9WBMTELP\nNTHeWQR3UdoJkNByfRfpRQlj8rpez7NUSCKq6/cFrIiipLdzsFrYQ6qiqE6+gtxT\noUSKLT32/yip/tkIefj+U+aqHCl/8ZEK5rxtja/z0d5mYO9FGKq5ve4C7AvXkePd\ne7rM25mXnVyKpA3DfaSYI3scuO7vVoNlqx1WN6ipsRCAO/A7Uj7DMtGRn1J4ua+G\naHVHFbvDpsJcCZEZ3T/6X6QFIor3pxzUYz9b5mTKT8tPsa+fjfY74GAYncZoQJAc\ncofByTxf3nOumeI5S0wYTmQO+RLahRSWAE5hZsGapW/k1Itg5QKCAQEA5dB6H+d/\nXX3Ev/Wai1xBFB58sLOiGYe22cBiDAsgUnwQU5plE9OSNWAtzO8JWBnKwRU+Qh8n\nSbQDsy+ak8Huwa8VCfDLiC5gGulIH/fiJsy7V8avZlQWrvQbWlyxRqEBPJsBzud9\njXDMhDocQoqXzktPwum0FKkRKYG6qbRoohGxrRDSVgUGeFBy/5JV9/HGXJ0DKsfp\nyriSpqoMmONYqyimyX8vZti3oFovfDWQN5ayXfTMT2k1yZ/artgzujKuJgMtiWdj\nisNlNqhU9dOJUCWYC+jHouyk/fB6gJEjN0WVgEVizVPkotFZnu7Y+Xns8nnFLYgp\nYIDIHIefrz7VcwKCAQEA0jfGbmKVTpXXk7g1KAMe9xTni3GSK/efPZzIVoeSHxh/\nDeGfBolvk6CfhGislixItVjzGarr3gdFs55u/7SMD9sR0oXiCV9+d87NHo55veYM\nCHE9VqPmHr9vEk9CBbpwAnTRb4siBOzhtHGiH51fTIZuaJjABLzbK23ATaStRPjj\ngR/0zTrnnzVLyNHnVyWg5TXZPh03bgVfXPrVHzgvHlVmCEEjy2a9t6X9ylVdmpMY\nHTHaDePFBhPkjwSTdYLVXTMKeObqI5H7D7BsDLsvgDJn3+z7c+xD/oxMqhHlPWh0\nxki5H8MLEwTFFl6Lic57RUT37dZPCx2RybD2sPBlPwKCAQEAq8lcEM8+UMd7tDZG\nUNgkOYLUmE2e5VCiaUE6yV/jyGS+24+08M4dI9MCSYeBR574Bb74a/rXpmtuvJng\nBYVZEOTsaCLcMa7g3hz1chgcr/4oKGP3pxlCX4NPkwto5K/jucbw4hX+ryTbbBf4\nGfF5qpZ3R+7kUvFSR+GWg9a8xDFPzFufrvdQr80LOWnM42uSaJZh0K/hXkz8KqNA\niWSgWkkn68UrzMhA8xeXGVT8ueDm8f7UXqP5tf7NPBeXCx9pODb16hkjuo128hWA\ndMWshgGkF3rpCCu25a/GEqbrWRyltV2ojm2goei2AmzuOgZfDZ3iu7dlnqKFc3YZ\n8qiYawKCAQAo62x3zj7MBkTpX0ERodHkPLB5p0jRwCjCIIOqvEcIQIdy10lSR2xt\nqyWB67I0pTgd/MuNYoT5OicqOJvYsHdXGsiUVzVRp8IBZkLtQMSX33DWL9zFwa+o\nqpDfWog6fzkQcVbXRJkBpm6k5j2ts796MOzK9XjjMzPid0Gom3aS53O5jdPkIyQ1\nDHXNCHbkstFn7Jx2B8/jXa5bdgQISLJ7UBpFXxCtpjklx2zodsd6sElQXYTZkU2n\nyjWCVVyy0h3gP3A5apGHDQJ24luV+tXbOXSY1RN5VDNEGGFP9Z3O30dj1YIbmabN\nM+99VDgLQiMir7MnG8FVI5NeVFEgzhqXAoIBAF6WvNh5r3+UN/Mti480skDO1nUV\nH78ce8Xb9kUmAbBXh5pD8gLaqXF2oYDCfes7ST2Yfg/8u0UYl57UxnqNRz0AFGXV\nzImCSuceJxIh7G06ofXKjersGQVUaxmNiM03PesNxdn5oN9HAGB8oQjurxxtZ8f2\nJDBOPM2nc3HlEHVkD1z1Pr423lNykaHb8ST1E3cR0ocoohibggWDHlydR0V1i3Ya\nlE7aHpXlsMx6opOTEUHWcimDTbSfaa0wh+ve/rkfmhbuAc9hcxjoZp1rpbra13yh\nTTtVF0nH9TgYWRmpHv23fxzJ7NvUiTk+/vj9MaX5LuKwPxOHM0NWrWikyCg=\n-----END RSA PRIVATE KEY-----\n",
            "private_key_pem_pkcs8": "-----BEGIN PRIVATE KEY-----\nMIIJQgIBADANBgkqhkiG9w0BAQEFAASCCSwwggkoAgEAAoICAQC8txYav0o1c5C4\nLZgjsudDRPUZyA9BOWEDUvzkTMVYNoA85UjeOKleq0QDtjUQVpNwlyqZlyws/1aF\nBjQD6uSe4c0JtEZPKZBy6unByeM4t4gFQ2C9Wm8aGJEOPMR0SEoVSftTTobyOYJl\ncB8FN/It6JRxMjcZDu7sXcyGrDIRR/NvGN62SRr4MbaYMHe7lWndCnBe09aT5quo\n4TiOX1UoaGZpKhEc3wrxToSZs9x4farREAUFTl0TsCfyk1jcqmg6xfTCpTvILme3\n4x8SoT8Sz/ZewDKEyBYli6FdGwGV4Tcps8mAyR2Sseb5IId3MOLjyc6FVD06fWlK\ntj0i01aPDs16Vuoyztvbz9KEQdxTy1mB3ahyjOsKjfBN3zPU9EHUw5QINWkAlBVt\nfhsnXDH7DdNxocnbY0g/4W749SP4+hg+WMYSCLP0ZhC8l9vXmodsk5IrCU7xEaVe\nNju/rby+bzFZjzCFuKEv5PcuKBlINfRNFCBdwtLBfp3x3rn2gd3Yw4QE/86dl8Kr\n3Xv/b6Y8uYw1AFlbvQ1uyiMeShXL85olV7CWfschou90yCYSJ7jRDh5MH6aCloeG\noG2Sthjrly6sOsaC0yjgBsQrsIywpJkx3DVtrby0Hbn2WGviHRT9R8PDrp0bfyjY\n2SVGDOz2qh2HgzyjMNHCIgqZFnzmTQIDAQABAoICABd+d6sGy5dR9t9nFbzEBhSS\n3izCglutaA2A5GkLwbnUtyxdoy+/QB7AFaycn4iULrDisPQEJQTJGR1gg1NFiAbb\nt6oQnnw2gXw9ELMGjlo+RxnYpI+OVaybCFwMZqzPXyG9XyOk8Bnx3PEB/2qn52ed\nv/VDuiZNfKNCnjbZ8zXBjmXzY66v9UKW9dOGnTFmTZKuPQUhPGKXYiGZQHBBIBny\nvWU0ToMYpYUbMFjuUnFRu9VhOC7L7byIvsBtZa+7K1S91lXxOjsWw+TZysGH/5E5\nAMQVC3UKb+9mrcUomo7tRe/UKS72Ws8rhMTZLuRA2s5fDm386c6BVH1vqLbQNsNL\n3SvvdTerPuDgdLVh096IunYP6IX1YExMQs81Md5ZBHdR2gmQ0HJ9F+lFCWPyul7P\ns1RIIqrr9wWsiKKkt3OwWthDqqKoTr6C3FOhRIotPfb/KKn+2Qh5+P5T5qocKX/x\nkQrmvG2Nr/PR3mZg70UYqrm97gLsC9eR4917uszbmZedXIqkDcN9pJgjexy47u9W\ng2WrHVY3qKmxEIA78DtSPsMy0ZGfUni5r4ZodUcVu8OmwlwJkRndP/pfpAUiiven\nHNRjP1vmZMpPy0+xr5+N9jvgYBidxmhAkBxyh8HJPF/ec66Z4jlLTBhOZA75EtqF\nFJYATmFmwZqlb+TUi2DlAoIBAQDl0Hof539dfcS/9ZqLXEEUHnyws6IZh7bZwGIM\nCyBSfBBTmmUT05I1YC3M7wlYGcrBFT5CHydJtAOzL5qTwe7BrxUJ8MuILmAa6Ugf\n9+ImzLtXxq9mVBau9BtaXLFGoQE8mwHO532NcMyEOhxCipfOS0/C6bQUqREpgbqp\ntGiiEbGtENJWBQZ4UHL/klX38cZcnQMqx+nKuJKmqgyY41irKKbJfy9m2LegWi98\nNZA3lrJd9MxPaTXJn9qu2DO6Mq4mAy2JZ2OKw2U2qFT104lQJZgL6Mei7KT98HqA\nkSM3RZWARWLNU+Si0Vme7tj5eezyecUtiClggMgch5+vPtVzAoIBAQDSN8ZuYpVO\nldeTuDUoAx73FOeLcZIr9589nMhWh5IfGH8N4Z8GiW+ToJ+EaKyWLEi1WPMZquve\nB0Wznm7/tIwP2xHSheIJX353zs0ejnm95gwIcT1Wo+Yev28ST0IFunACdNFviyIE\n7OG0caIfnV9Mhm5omMAEvNsrbcBNpK1E+OOBH/TNOuefNUvI0edXJaDlNdk+HTdu\nBV9c+tUfOC8eVWYIQSPLZr23pf3KVV2akxgdMdoN48UGE+SPBJN1gtVdMwp45uoj\nkfsPsGwMuy+AMmff7Ptz7EP+jEyqEeU9aHTGSLkfwwsTBMUWXouJzntFRPft1k8L\nHZHJsPaw8GU/AoIBAQCryVwQzz5Qx3u0NkZQ2CQ5gtSYTZ7lUKJpQTrJX+PIZL7b\nj7Twzh0j0wJJh4FHnvgFvvhr+tema268meAFhVkQ5OxoItwxruDeHPVyGByv/igo\nY/enGUJfg0+TC2jkr+O5xvDiFf6vJNtsF/gZ8XmqlndH7uRS8VJH4ZaD1rzEMU/M\nW5+u91CvzQs5aczja5JolmHQr+FeTPwqo0CJZKBaSSfrxSvMyEDzF5cZVPy54Obx\n/tReo/m1/s08F5cLH2k4NvXqGSO6jXbyFYB0xayGAaQXeukIK7blr8YSputZHKW1\nXaiObaCh6LYCbO46Bl8NneK7t2WeooVzdhnyqJhrAoIBACjrbHfOPswGROlfQRGh\n0eQ8sHmnSNHAKMIgg6q8RwhAh3LXSVJHbG2rJYHrsjSlOB38y41ihPk6Jyo4m9iw\nd1cayJRXNVGnwgFmQu1AxJffcNYv3MXBr6iqkN9aiDp/ORBxVtdEmQGmbqTmPa2z\nv3ow7Mr1eOMzM+J3QaibdpLnc7mN0+QjJDUMdc0IduSy0WfsnHYHz+Ndrlt2BAhI\nsntQGkVfEK2mOSXHbOh2x3qwSVBdhNmRTafKNYJVXLLSHeA/cDlqkYcNAnbiW5X6\n1ds5dJjVE3lUM0QYYU/1nc7fR2PVghuZps0z731UOAtCIyKvsycbwVUjk15UUSDO\nGpcCggEAXpa82Hmvf5Q38y2LjzSyQM7WdRUfvxx7xdv2RSYBsFeHmkPyAtqpcXah\ngMJ96ztJPZh+D/y7RRiXntTGeo1HPQAUZdXMiYJK5x4nEiHsbTqh9cqN6uwZBVRr\nGY2IzTc96w3F2fmg30cAYHyhCO6vHG1nx/YkME48zadzceUQdWQPXPU+vjbeU3KR\nodvxJPUTdxHShyiiGJuCBYMeXJ1HRXWLdhqUTtoeleWwzHqik5MRQdZyKYNNtJ9p\nrTCH697+uR+aFu4Bz2FzGOhmnWulutrXfKFNO1UXScf1OBhZGake/bd/HMns29SJ\nOT7++P0xpfku4rA/E4czQ1ataKTIKA==\n-----END PRIVATE KEY-----\n",
            "public_key_fingerprint_md5": "6a:b2:1d:4a:65:84:a8:c1:e1:9d:b8:b4:50:af:a4:d9",
            "public_key_fingerprint_sha256": "SHA256:asL46zZgmWN19hE9zttL1hHhygXTSNNdwoDhoErQhNc",
            "public_key_openssh": "ssh-rsa AAAAB3NzaC1yc2EAAAADAQABAAACAQC8txYav0o1c5C4LZgjsudDRPUZyA9BOWEDUvzkTMVYNoA85UjeOKleq0QDtjUQVpNwlyqZlyws/1aFBjQD6uSe4c0JtEZPKZBy6unByeM4t4gFQ2C9Wm8aGJEOPMR0SEoVSftTTobyOYJlcB8FN/It6JRxMjcZDu7sXcyGrDIRR/NvGN62SRr4MbaYMHe7lWndCnBe09aT5quo4TiOX1UoaGZpKhEc3wrxToSZs9x4farREAUFTl0TsCfyk1jcqmg6xfTCpTvILme34x8SoT8Sz/ZewDKEyBYli6FdGwGV4Tcps8mAyR2Sseb5IId3MOLjyc6FVD06fWlKtj0i01aPDs16Vuoyztvbz9KEQdxTy1mB3ahyjOsKjfBN3zPU9EHUw5QINWkAlBVtfhsnXDH7DdNxocnbY0g/4W749SP4+hg+WMYSCLP0ZhC8l9vXmodsk5IrCU7xEaVeNju/rby+bzFZjzCFuKEv5PcuKBlINfRNFCBdwtLBfp3x3rn2gd3Yw4QE/86dl8Kr3Xv/b6Y8uYw1AFlbvQ1uyiMeShXL85olV7CWfschou90yCYSJ7jRDh5MH6aCloeGoG2Sthjrly6sOsaC0yjgBsQrsIywpJkx3DVtrby0Hbn2WGviHRT9R8PDrp0bfyjY2SVGDOz2qh2HgzyjMNHCIgqZFnzmTQ==\n",
            "public_key_pem": "-----BEGIN PUBLIC KEY-----\nMIICIjANBgkqhkiG9w0BAQEFAAOCAg8AMIICCgKCAgEAvLcWGr9KNXOQuC2YI7Ln\nQ0T1GcgPQTlhA1L85EzFWDaAPOVI3jipXqtEA7Y1EFaTcJcqmZcsLP9WhQY0A+rk\nnuHNCbRGTymQcurpwcnjOLeIBUNgvVpvGhiRDjzEdEhKFUn7U06G8jmCZXAfBTfy\nLeiUcTI3GQ7u7F3MhqwyEUfzbxjetkka+DG2mDB3u5Vp3QpwXtPWk+arqOE4jl9V\nKGhmaSoRHN8K8U6EmbPceH2q0RAFBU5dE7An8pNY3KpoOsX0wqU7yC5nt+MfEqE/\nEs/2XsAyhMgWJYuhXRsBleE3KbPJgMkdkrHm+SCHdzDi48nOhVQ9On1pSrY9ItNW\njw7NelbqMs7b28/ShEHcU8tZgd2ocozrCo3wTd8z1PRB1MOUCDVpAJQVbX4bJ1wx\n+w3TcaHJ22NIP+Fu+PUj+PoYPljGEgiz9GYQvJfb15qHbJOSKwlO8RGlXjY7v628\nvm8xWY8whbihL+T3LigZSDX0TRQgXcLSwX6d8d659oHd2MOEBP/OnZfCq917/2+m\nPLmMNQBZW70NbsojHkoVy/OaJVewln7HIaLvdMgmEie40Q4eTB+mgpaHhqBtkrYY\n65curDrGgtMo4AbEK7CMsKSZMdw1ba28tB259lhr4h0U/UfDw66dG38o2NklRgzs\n9qodh4M8ozDRwiIKmRZ85k0CAwEAAQ==\n-----END PUBLIC KEY-----\n",
            "rsa_bits": 4096
          },
          "sensitive_attributes": []
        }
      ]
    }
  ],
  "check_results": null
}
